# IF THERE'S A GIT CONFLICT IN THIS FILE, DON'T SOLVE IT MANUALLY!
# INSTEAD EXECUTE `prisma migrate fix`
# Prisma Migrate lockfile v1
# Read more about conflict resolution here: TODO

20200428155913-initial-migration
20200429140152-more-recaptcha
20200429140305-recaptcha-secret
20200429145742-remove-buttons
20200429211116-initial-notifications
20200430163720-webhooks
20200430164549-rename